
Microsoft Visual Studio Solution File, Format Version 12.00
# Visual Studio Version 17
VisualStudioVersion = 17.1.32421.90
MinimumVisualStudioVersion = 10.0.40219.1
Project("{FAE04EC0-301F-11D3-BF4B-00C04F79EFBC}") = "InternetMessage", "InternetMessage.csproj", "{009AB963-1FFE-45FA-92C3-BA424306C32B}"
EndProject
Global
	GlobalSection(SolutionConfigurationPlatforms) = preSolution
		Debug|Any CPU = Debug|Any CPU
		Release|Any CPU = Release|Any CPU
	EndGlobalSection
	GlobalSection(ProjectConfigurationPlatforms) = postSolution
		{009AB963-1FFE-45FA-92C3-BA424306C32B}.Debug|Any CPU.ActiveCfg = Debug|Any CPU
		{009AB963-1FFE-45FA-92C3-BA424306C32B}.Debug|Any CPU.Build.0 = Debug|Any CPU
		{009AB963-1FFE-45FA-92C3-BA424306C32B}.Release|Any CPU.ActiveCfg = Release|Any CPU
		{009AB963-1FFE-45FA-92C3-BA424306C32B}.Release|Any CPU.Build.0 = Release|Any CPU
	EndGlobalSection
	GlobalSection(SolutionProperties) = preSolution
		HideSolutionNode = FALSE
	EndGlobalSection
	GlobalSection(ExtensibilityGlobals) = postSolution
		SolutionGuid = {06B1ED7C-6165-4718-8E9C-12DA68FA1FEE}
	EndGlobalSection
EndGlobal
